
Microsoft Visual Studio Solution File, Format Version 12.00
# Visual Studio Version 16
VisualStudioVersion = 16.0.30804.86
MinimumVisualStudioVersion = 10.0.40219.1
Project("{FAE04EC0-301F-11D3-BF4B-00C04F79EFBC}") = "IFSTask", "IFSTask\IFSTask.csproj", "{718B8374-3862-4128-A3C1-5BF4913C0AE9}"
EndProject
Global
	GlobalSection(SolutionConfigurationPlatforms) = preSolution
		Debug|Any CPU = Debug|Any CPU
		Release|Any CPU = Release|Any CPU
	EndGlobalSection
	GlobalSection(ProjectConfigurationPlatforms) = postSolution
		{718B8374-3862-4128-A3C1-5BF4913C0AE9}.Debug|Any CPU.ActiveCfg = Debug|Any CPU
		{718B8374-3862-4128-A3C1-5BF4913C0AE9}.Debug|Any CPU.Build.0 = Debug|Any CPU
		{718B8374-3862-4128-A3C1-5BF4913C0AE9}.Release|Any CPU.ActiveCfg = Release|Any CPU
		{718B8374-3862-4128-A3C1-5BF4913C0AE9}.Release|Any CPU.Build.0 = Release|Any CPU
	EndGlobalSection
	GlobalSection(SolutionProperties) = preSolution
		HideSolutionNode = FALSE
	EndGlobalSection
	GlobalSection(ExtensibilityGlobals) = postSolution
		SolutionGuid = {7C0ADA39-9876-4E61-9942-1A3F96819CEB}
	EndGlobalSection
EndGlobal
